// !$*UTF8*$!
{
	archiveVersion = 1;
	classes = {
	};
	objectVersion = 56;
	objects = {

/* Begin PBXBuildFile section */
		638C029B2A3CADCF00A9DFB1 /* UpdateProductView.swift in Sources */ = {isa = PBXBuildFile; fileRef = 638C029A2A3CADCF00A9DFB1 /* UpdateProductView.swift */; };
		638C029E2A3CCE8200A9DFB1 /* Emodji.swift in Sources */ = {isa = PBXBuildFile; fileRef = 638C029D2A3CCE8200A9DFB1 /* Emodji.swift */; };
		63E2981B2A3C9939005F6AC2 /* SwiftDataToDoListApp.swift in Sources */ = {isa = PBXBuildFile; fileRef = 63E2981A2A3C9939005F6AC2 /* SwiftDataToDoListApp.swift */; };
		63E2981D2A3C9939005F6AC2 /* MainView.swift in Sources */ = {isa = PBXBuildFile; fileRef = 63E2981C2A3C9939005F6AC2 /* MainView.swift */; };
		63E2981F2A3C993A005F6AC2 /* Assets.xcassets in Resources */ = {isa = PBXBuildFile; fileRef = 63E2981E2A3C993A005F6AC2 /* Assets.xcassets */; };
		63E298222A3C993A005F6AC2 /* Preview Assets.xcassets in Resources */ = {isa = PBXBuildFile; fileRef = 63E298212A3C993A005F6AC2 /* Preview Assets.xcassets */; };
		63E2982C2A3C993B005F6AC2 /* SwiftDataToDoListTests.swift in Sources */ = {isa = PBXBuildFile; fileRef = 63E2982B2A3C993B005F6AC2 /* SwiftDataToDoListTests.swift */; };
		63E298362A3C993B005F6AC2 /* SwiftDataToDoListUITests.swift in Sources */ = {isa = PBXBuildFile; fileRef = 63E298352A3C993B005F6AC2 /* SwiftDataToDoListUITests.swift */; };
		63E298382A3C993B005F6AC2 /* SwiftDataToDoListUITestsLaunchTests.swift in Sources */ = {isa = PBXBuildFile; fileRef = 63E298372A3C993B005F6AC2 /* SwiftDataToDoListUITestsLaunchTests.swift */; };
		63E298452A3C9975005F6AC2 /* Product.swift in Sources */ = {isa = PBXBuildFile; fileRef = 63E298442A3C9975005F6AC2 /* Product.swift */; };
		63E298472A3C9B8B005F6AC2 /* CreateProductView.swift in Sources */ = {isa = PBXBuildFile; fileRef = 63E298462A3C9B8A005F6AC2 /* CreateProductView.swift */; };
/* End PBXBuildFile section */

/* Begin PBXContainerItemProxy section */
		63E298282A3C993B005F6AC2 /* PBXContainerItemProxy */ = {
			isa = PBXContainerItemProxy;
			containerPortal = 63E2980F2A3C9939005F6AC2 /* Project object */;
			proxyType = 1;
			remoteGlobalIDString = 63E298162A3C9939005F6AC2;
			remoteInfo = SwiftDataToDoList;
		};
		63E298322A3C993B005F6AC2 /* PBXContainerItemProxy */ = {
			isa = PBXContainerItemProxy;
			containerPortal = 63E2980F2A3C9939005F6AC2 /* Project object */;
			proxyType = 1;
			remoteGlobalIDString = 63E298162A3C9939005F6AC2;
			remoteInfo = SwiftDataToDoList;
		};
/* End PBXContainerItemProxy section */

/* Begin PBXFileReference section */
		638C029A2A3CADCF00A9DFB1 /* UpdateProductView.swift */ = {isa = PBXFileReference; lastKnownFileType = sourcecode.swift; path = UpdateProductView.swift; sourceTree = "<group>"; };
		638C029D2A3CCE8200A9DFB1 /* Emodji.swift */ = {isa = PBXFileReference; fileEncoding = 4; lastKnownFileType = sourcecode.swift; path = Emodji.swift; sourceTree = "<group>"; };
		63E298172A3C9939005F6AC2 /* SwiftDataToDoList.app */ = {isa = PBXFileReference; explicitFileType = wrapper.application; includeInIndex = 0; path = SwiftDataToDoList.app; sourceTree = BUILT_PRODUCTS_DIR; };
		63E2981A2A3C9939005F6AC2 /* SwiftDataToDoListApp.swift */ = {isa = PBXFileReference; lastKnownFileType = sourcecode.swift; path = SwiftDataToDoListApp.swift; sourceTree = "<group>"; };
		63E2981C2A3C9939005F6AC2 /* MainView.swift */ = {isa = PBXFileReference; lastKnownFileType = sourcecode.swift; path = MainView.swift; sourceTree = "<group>"; };
		63E2981E2A3C993A005F6AC2 /* Assets.xcassets */ = {isa = PBXFileReference; lastKnownFileType = folder.assetcatalog; path = Assets.xcassets; sourceTree = "<group>"; };
		63E298212A3C993A005F6AC2 /* Preview Assets.xcassets */ = {isa = PBXFileReference; lastKnownFileType = folder.assetcatalog; path = "Preview Assets.xcassets"; sourceTree = "<group>"; };
		63E298272A3C993B005F6AC2 /* SwiftDataToDoListTests.xctest */ = {isa = PBXFileReference; explicitFileType = wrapper.cfbundle; includeInIndex = 0; path = SwiftDataToDoListTests.xctest; sourceTree = BUILT_PRODUCTS_DIR; };
		63E2982B2A3C993B005F6AC2 /* SwiftDataToDoListTests.swift */ = {isa = PBXFileReference; lastKnownFileType = sourcecode.swift; path = SwiftDataToDoListTests.swift; sourceTree = "<group>"; };
		63E298312A3C993B005F6AC2 /* SwiftDataToDoListUITests.xctest */ = {isa = PBXFileReference; explicitFileType = wrapper.cfbundle; includeInIndex = 0; path = SwiftDataToDoListUITests.xctest; sourceTree = BUILT_PRODUCTS_DIR; };
		63E298352A3C993B005F6AC2 /* SwiftDataToDoListUITests.swift */ = {isa = PBXFileReference; lastKnownFileType = sourcecode.swift; path = SwiftDataToDoListUITests.swift; sourceTree = "<group>"; };
		63E298372A3C993B005F6AC2 /* SwiftDataToDoListUITestsLaunchTests.swift */ = {isa = PBXFileReference; lastKnownFileType = sourcecode.swift; path = SwiftDataToDoListUITestsLaunchTests.swift; sourceTree = "<group>"; };
		63E298442A3C9975005F6AC2 /* Product.swift */ = {isa = PBXFileReference; lastKnownFileType = sourcecode.swift; path = Product.swift; sourceTree = "<group>"; };
		63E298462A3C9B8A005F6AC2 /* CreateProductView.swift */ = {isa = PBXFileReference; lastKnownFileType = sourcecode.swift; path = CreateProductView.swift; sourceTree = "<group>"; };
/* End PBXFileReference section */

/* Begin PBXFrameworksBuildPhase section */
		63E298142A3C9939005F6AC2 /* Frameworks */ = {
			isa = PBXFrameworksBuildPhase;
			buildActionMask = 2147483647;
			files = (
			);
			runOnlyForDeploymentPostprocessing = 0;
		};
		63E298242A3C993B005F6AC2 /* Frameworks */ = {
			isa = PBXFrameworksBuildPhase;
			buildActionMask = 2147483647;
			files = (
			);
			runOnlyForDeploymentPostprocessing = 0;
		};
		63E2982E2A3C993B005F6AC2 /* Frameworks */ = {
			isa = PBXFrameworksBuildPhase;
			buildActionMask = 2147483647;
			files = (
			);
			runOnlyForDeploymentPostprocessing = 0;
		};
/* End PBXFrameworksBuildPhase section */

/* Begin PBXGroup section */
		638C029C2A3CCE8200A9DFB1 /* Models */ = {
			isa = PBXGroup;
			children = (
				638C029D2A3CCE8200A9DFB1 /* Emodji.swift */,
			);
			path = Models;
			sourceTree = "<group>";
		};
		63E2980E2A3C9939005F6AC2 = {
			isa = PBXGroup;
			children = (
				63E298192A3C9939005F6AC2 /* SwiftDataToDoList */,
				63E2982A2A3C993B005F6AC2 /* SwiftDataToDoListTests */,
				63E298342A3C993B005F6AC2 /* SwiftDataToDoListUITests */,
				63E298182A3C9939005F6AC2 /* Products */,
			);
			sourceTree = "<group>";
		};
		63E298182A3C9939005F6AC2 /* Products */ = {
			isa = PBXGroup;
			children = (
				63E298172A3C9939005F6AC2 /* SwiftDataToDoList.app */,
				63E298272A3C993B005F6AC2 /* SwiftDataToDoListTests.xctest */,
				63E298312A3C993B005F6AC2 /* SwiftDataToDoListUITests.xctest */,
			);
			name = Products;
			sourceTree = "<group>";
		};
		63E298192A3C9939005F6AC2 /* SwiftDataToDoList */ = {
			isa = PBXGroup;
			children = (
				63E2981A2A3C9939005F6AC2 /* SwiftDataToDoListApp.swift */,
				63E2981C2A3C9939005F6AC2 /* MainView.swift */,
				63E298462A3C9B8A005F6AC2 /* CreateProductView.swift */,
				638C029A2A3CADCF00A9DFB1 /* UpdateProductView.swift */,
				63E298442A3C9975005F6AC2 /* Product.swift */,
				638C029C2A3CCE8200A9DFB1 /* Models */,
				63E2981E2A3C993A005F6AC2 /* Assets.xcassets */,
				63E298202A3C993A005F6AC2 /* Preview Content */,
			);
			path = SwiftDataToDoList;
			sourceTree = "<group>";
		};
		63E298202A3C993A005F6AC2 /* Preview Content */ = {
			isa = PBXGroup;
			children = (
				63E298212A3C993A005F6AC2 /* Preview Assets.xcassets */,
			);
			path = "Preview Content";
			sourceTree = "<group>";
		};
		63E2982A2A3C993B005F6AC2 /* SwiftDataToDoListTests */ = {
			isa = PBXGroup;
			children = (
				63E2982B2A3C993B005F6AC2 /* SwiftDataToDoListTests.swift */,
			);
			path = SwiftDataToDoListTests;
			sourceTree = "<group>";
		};
		63E298342A3C993B005F6AC2 /* SwiftDataToDoListUITests */ = {
			isa = PBXGroup;
			children = (
				63E298352A3C993B005F6AC2 /* SwiftDataToDoListUITests.swift */,
				63E298372A3C993B005F6AC2 /* SwiftDataToDoListUITestsLaunchTests.swift */,
			);
			path = SwiftDataToDoListUITests;
			sourceTree = "<group>";
		};
/* End PBXGroup section */

/* Begin PBXNativeTarget section */
		63E298162A3C9939005F6AC2 /* SwiftDataToDoList */ = {
			isa = PBXNativeTarget;
			buildConfigurationList = 63E2983B2A3C993B005F6AC2 /* Build configuration list for PBXNativeTarget "SwiftDataToDoList" */;
			buildPhases = (
				63E298132A3C9939005F6AC2 /* Sources */,
				63E298142A3C9939005F6AC2 /* Frameworks */,
				63E298152A3C9939005F6AC2 /* Resources */,
			);
			buildRules = (
			);
			dependencies = (
			);
			name = SwiftDataToDoList;
			productName = SwiftDataToDoList;
			productReference = 63E298172A3C9939005F6AC2 /* SwiftDataToDoList.app */;
			productType = "com.apple.product-type.application";
		};
		63E298262A3C993B005F6AC2 /* SwiftDataToDoListTests */ = {
			isa = PBXNativeTarget;
			buildConfigurationList = 63E2983E2A3C993B005F6AC2 /* Build configuration list for PBXNativeTarget "SwiftDataToDoListTests" */;
			buildPhases = (
				63E298232A3C993B005F6AC2 /* Sources */,
				63E298242A3C993B005F6AC2 /* Frameworks */,
				63E298252A3C993B005F6AC2 /* Resources */,
			);
			buildRules = (
			);
			dependencies = (
				63E298292A3C993B005F6AC2 /* PBXTargetDependency */,
			);
			name = SwiftDataToDoListTests;
			productName = SwiftDataToDoListTests;
			productReference = 63E298272A3C993B005F6AC2 /* SwiftDataToDoListTests.xctest */;
			productType = "com.apple.product-type.bundle.unit-test";
		};
		63E298302A3C993B005F6AC2 /* SwiftDataToDoListUITests */ = {
			isa = PBXNativeTarget;
			buildConfigurationList = 63E298412A3C993B005F6AC2 /* Build configuration list for PBXNativeTarget "SwiftDataToDoListUITests" */;
			buildPhases = (
				63E2982D2A3C993B005F6AC2 /* Sources */,
				63E2982E2A3C993B005F6AC2 /* Frameworks */,
				63E2982F2A3C993B005F6AC2 /* Resources */,
			);
			buildRules = (
			);
			dependencies = (
				63E298332A3C993B005F6AC2 /* PBXTargetDependency */,
			);
			name = SwiftDataToDoListUITests;
			productName = SwiftDataToDoListUITests;
			productReference = 63E298312A3C993B005F6AC2 /* SwiftDataToDoListUITests.xctest */;
			productType = "com.apple.product-type.bundle.ui-testing";
		};
/* End PBXNativeTarget section */

/* Begin PBXProject section */
		63E2980F2A3C9939005F6AC2 /* Project object */ = {
			isa = PBXProject;
			attributes = {
				BuildIndependentTargetsInParallel = 1;
				LastSwiftUpdateCheck = 1500;
				LastUpgradeCheck = 1500;
				TargetAttributes = {
					63E298162A3C9939005F6AC2 = {
						CreatedOnToolsVersion = 15.0;
					};
					63E298262A3C993B005F6AC2 = {
						CreatedOnToolsVersion = 15.0;
						TestTargetID = 63E298162A3C9939005F6AC2;
					};
					63E298302A3C993B005F6AC2 = {
						CreatedOnToolsVersion = 15.0;
						TestTargetID = 63E298162A3C9939005F6AC2;
					};
				};
			};
			buildConfigurationList = 63E298122A3C9939005F6AC2 /* Build configuration list for PBXProject "SwiftDataToDoList" */;
			compatibilityVersion = "Xcode 14.0";
			developmentRegion = en;
			hasScannedForEncodings = 0;
			knownRegions = (
				en,
				Base,
			);
			mainGroup = 63E2980E2A3C9939005F6AC2;
			productRefGroup = 63E298182A3C9939005F6AC2 /* Products */;
			projectDirPath = "";
			projectRoot = "";
			targets = (
				63E298162A3C9939005F6AC2 /* SwiftDataToDoList */,
				63E298262A3C993B005F6AC2 /* SwiftDataToDoListTests */,
				63E298302A3C993B005F6AC2 /* SwiftDataToDoListUITests */,
			);
		};
/* End PBXProject section */

/* Begin PBXResourcesBuildPhase section */
		63E298152A3C9939005F6AC2 /* Resources */ = {
			isa = PBXResourcesBuildPhase;
			buildActionMask = 2147483647;
			files = (
				63E298222A3C993A005F6AC2 /* Preview Assets.xcassets in Resources */,
				63E2981F2A3C993A005F6AC2 /* Assets.xcassets in Resources */,
			);
			runOnlyForDeploymentPostprocessing = 0;
		};
		63E298252A3C993B005F6AC2 /* Resources */ = {
			isa = PBXResourcesBuildPhase;
			buildActionMask = 2147483647;
			files = (
			);
			runOnlyForDeploymentPostprocessing = 0;
		};
		63E2982F2A3C993B005F6AC2 /* Resources */ = {
			isa = PBXResourcesBuildPhase;
			buildActionMask = 2147483647;
			files = (
			);
			runOnlyForDeploymentPostprocessing = 0;
		};
/* End PBXResourcesBuildPhase section */

/* Begin PBXSourcesBuildPhase section */
		63E298132A3C9939005F6AC2 /* Sources */ = {
			isa = PBXSourcesBuildPhase;
			buildActionMask = 2147483647;
			files = (
				63E298452A3C9975005F6AC2 /* Product.swift in Sources */,
				63E2981D2A3C9939005F6AC2 /* MainView.swift in Sources */,
				638C029B2A3CADCF00A9DFB1 /* UpdateProductView.swift in Sources */,
				638C029E2A3CCE8200A9DFB1 /* Emodji.swift in Sources */,
				63E298472A3C9B8B005F6AC2 /* CreateProductView.swift in Sources */,
				63E2981B2A3C9939005F6AC2 /* SwiftDataToDoListApp.swift in Sources */,
			);
			runOnlyForDeploymentPostprocessing = 0;
		};
		63E298232A3C993B005F6AC2 /* Sources */ = {
			isa = PBXSourcesBuildPhase;
			buildActionMask = 2147483647;
			files = (
				63E2982C2A3C993B005F6AC2 /* SwiftDataToDoListTests.swift in Sources */,
			);
			runOnlyForDeploymentPostprocessing = 0;
		};
		63E2982D2A3C993B005F6AC2 /* Sources */ = {
			isa = PBXSourcesBuildPhase;
			buildActionMask = 2147483647;
			files = (
				63E298382A3C993B005F6AC2 /* SwiftDataToDoListUITestsLaunchTests.swift in Sources */,
				63E298362A3C993B005F6AC2 /* SwiftDataToDoListUITests.swift in Sources */,
			);
			runOnlyForDeploymentPostprocessing = 0;
		};
/* End PBXSourcesBuildPhase section */

/* Begin PBXTargetDependency section */
		63E298292A3C993B005F6AC2 /* PBXTargetDependency */ = {
			isa = PBXTargetDependency;
			target = 63E298162A3C9939005F6AC2 /* SwiftDataToDoList */;
			targetProxy = 63E298282A3C993B005F6AC2 /* PBXContainerItemProxy */;
		};
		63E298332A3C993B005F6AC2 /* PBXTargetDependency */ = {
			isa = PBXTargetDependency;
			target = 63E298162A3C9939005F6AC2 /* SwiftDataToDoList */;
			targetProxy = 63E298322A3C993B005F6AC2 /* PBXContainerItemProxy */;
		};
/* End PBXTargetDependency section */

/* Begin XCBuildConfiguration section */
		63E298392A3C993B005F6AC2 /* Debug */ = {
			isa = XCBuildConfiguration;
			buildSettings = {
				ALWAYS_SEARCH_USER_PATHS = NO;
				ASSETCATALOG_COMPILER_GENERATE_SWIFT_ASSET_SYMBOL_EXTENSIONS = YES;
				CLANG_ANALYZER_NONNULL = YES;
				CLANG_ANALYZER_NUMBER_OBJECT_CONVERSION = YES_AGGRESSIVE;
				CLANG_CXX_LANGUAGE_STANDARD = "gnu++20";
				CLANG_ENABLE_MODULES = YES;
				CLANG_ENABLE_OBJC_ARC = YES;
				CLANG_ENABLE_OBJC_WEAK = YES;
				CLANG_WARN_BLOCK_CAPTURE_AUTORELEASING = YES;
				CLANG_WARN_BOOL_CONVERSION = YES;
				CLANG_WARN_COMMA = YES;
				CLANG_WARN_CONSTANT_CONVERSION = YES;
				CLANG_WARN_DEPRECATED_OBJC_IMPLEMENTATIONS = YES;
				CLANG_WARN_DIRECT_OBJC_ISA_USAGE = YES_ERROR;
				CLANG_WARN_DOCUMENTATION_COMMENTS = YES;
				CLANG_WARN_EMPTY_BODY = YES;
				CLANG_WARN_ENUM_CONVERSION = YES;
				CLANG_WARN_INFINITE_RECURSION = YES;
				CLANG_WARN_INT_CONVERSION = YES;
				CLANG_WARN_NON_LITERAL_NULL_CONVERSION = YES;
				CLANG_WARN_OBJC_IMPLICIT_RETAIN_SELF = YES;
				CLANG_WARN_OBJC_LITERAL_CONVERSION = YES;
				CLANG_WARN_OBJC_ROOT_CLASS = YES_ERROR;
				CLANG_WARN_QUOTED_INCLUDE_IN_FRAMEWORK_HEADER = YES;
				CLANG_WARN_RANGE_LOOP_ANALYSIS = YES;
				CLANG_WARN_STRICT_PROTOTYPES = YES;
				CLANG_WARN_SUSPICIOUS_MOVE = YES;
				CLANG_WARN_UNGUARDED_AVAILABILITY = YES_AGGRESSIVE;
				CLANG_WARN_UNREACHABLE_CODE = YES;
				CLANG_WARN__DUPLICATE_METHOD_MATCH = YES;
				COPY_PHASE_STRIP = NO;
				DEBUG_INFORMATION_FORMAT = dwarf;
				ENABLE_STRICT_OBJC_MSGSEND = YES;
				ENABLE_TESTABILITY = YES;
				ENABLE_USER_SCRIPT_SANDBOXING = YES;
				GCC_C_LANGUAGE_STANDARD = gnu17;
				GCC_DYNAMIC_NO_PIC = NO;
				GCC_NO_COMMON_BLOCKS = YES;
				GCC_OPTIMIZATION_LEVEL = 0;
				GCC_PREPROCESSOR_DEFINITIONS = (
					"DEBUG=1",
					"$(inherited)",
				);
				GCC_WARN_64_TO_32_BIT_CONVERSION = YES;
				GCC_WARN_ABOUT_RETURN_TYPE = YES_ERROR;
				GCC_WARN_UNDECLARED_SELECTOR = YES;
				GCC_WARN_UNINITIALIZED_AUTOS = YES_AGGRESSIVE;
				GCC_WARN_UNUSED_FUNCTION = YES;
				GCC_WARN_UNUSED_VARIABLE = YES;
				IPHONEOS_DEPLOYMENT_TARGET = 17.0;
				LOCALIZATION_PREFERS_STRING_CATALOGS = YES;
				MTL_ENABLE_DEBUG_INFO = INCLUDE_SOURCE;
				MTL_FAST_MATH = YES;
				ONLY_ACTIVE_ARCH = YES;
				SDKROOT = iphoneos;
				SWIFT_ACTIVE_COMPILATION_CONDITIONS = "DEBUG $(inherited)";
				SWIFT_OPTIMIZATION_LEVEL = "-Onone";
			};
			name = Debug;
		};
		63E2983A2A3C993B005F6AC2 /* Release */ = {
			isa = XCBuildConfiguration;
			buildSettings = {
				ALWAYS_SEARCH_USER_PATHS = NO;
				ASSETCATALOG_COMPILER_GENERATE_SWIFT_ASSET_SYMBOL_EXTENSIONS = YES;
				CLANG_ANALYZER_NONNULL = YES;
				CLANG_ANALYZER_NUMBER_OBJECT_CONVERSION = YES_AGGRESSIVE;
				CLANG_CXX_LANGUAGE_STANDARD = "gnu++20";
				CLANG_ENABLE_MODULES = YES;
				CLANG_ENABLE_OBJC_ARC = YES;
				CLANG_ENABLE_OBJC_WEAK = YES;
				CLANG_WARN_BLOCK_CAPTURE_AUTORELEASING = YES;
				CLANG_WARN_BOOL_CONVERSION = YES;
				CLANG_WARN_COMMA = YES;
				CLANG_WARN_CONSTANT_CONVERSION = YES;
				CLANG_WARN_DEPRECATED_OBJC_IMPLEMENTATIONS = YES;
				CLANG_WARN_DIRECT_OBJC_ISA_USAGE = YES_ERROR;
				CLANG_WARN_DOCUMENTATION_COMMENTS = YES;
				CLANG_WARN_EMPTY_BODY = YES;
				CLANG_WARN_ENUM_CONVERSION = YES;
				CLANG_WARN_INFINITE_RECURSION = YES;
				CLANG_WARN_INT_CONVERSION = YES;
				CLANG_WARN_NON_LITERAL_NULL_CONVERSION = YES;
				CLANG_WARN_OBJC_IMPLICIT_RETAIN_SELF = YES;
				CLANG_WARN_OBJC_LITERAL_CONVERSION = YES;
				CLANG_WARN_OBJC_ROOT_CLASS = YES_ERROR;
				CLANG_WARN_QUOTED_INCLUDE_IN_FRAMEWORK_HEADER = YES;
				CLANG_WARN_RANGE_LOOP_ANALYSIS = YES;
				CLANG_WARN_STRICT_PROTOTYPES = YES;
				CLANG_WARN_SUSPICIOUS_MOVE = YES;
				CLANG_WARN_UNGUARDED_AVAILABILITY = YES_AGGRESSIVE;
				CLANG_WARN_UNREACHABLE_CODE = YES;
				CLANG_WARN__DUPLICATE_METHOD_MATCH = YES;
				COPY_PHASE_STRIP = NO;
				DEBUG_INFORMATION_FORMAT = "dwarf-with-dsym";
				ENABLE_NS_ASSERTIONS = NO;
				ENABLE_STRICT_OBJC_MSGSEND = YES;
				ENABLE_USER_SCRIPT_SANDBOXING = YES;
				GCC_C_LANGUAGE_STANDARD = gnu17;
				GCC_NO_COMMON_BLOCKS = YES;
				GCC_WARN_64_TO_32_BIT_CONVERSION = YES;
				GCC_WARN_ABOUT_RETURN_TYPE = YES_ERROR;
				GCC_WARN_UNDECLARED_SELECTOR = YES;
				GCC_WARN_UNINITIALIZED_AUTOS = YES_AGGRESSIVE;
				GCC_WARN_UNUSED_FUNCTION = YES;
				GCC_WARN_UNUSED_VARIABLE = YES;
				IPHONEOS_DEPLOYMENT_TARGET = 17.0;
				LOCALIZATION_PREFERS_STRING_CATALOGS = YES;
				MTL_ENABLE_DEBUG_INFO = NO;
				MTL_FAST_MATH = YES;
				SDKROOT = iphoneos;
				SWIFT_COMPILATION_MODE = wholemodule;
				VALIDATE_PRODUCT = YES;
			};
			name = Release;
		};
		63E2983C2A3C993B005F6AC2 /* Debug */ = {
			isa = XCBuildConfiguration;
			buildSettings = {
				ASSETCATALOG_COMPILER_APPICON_NAME = AppIcon;
				ASSETCATALOG_COMPILER_GLOBAL_ACCENT_COLOR_NAME = AccentColor;
				CODE_SIGN_STYLE = Automatic;
				CURRENT_PROJECT_VERSION = 1;
				DEVELOPMENT_ASSET_PATHS = "\"SwiftDataToDoList/Preview Content\"";
				DEVELOPMENT_TEAM = Z5K5J5HEG4;
				ENABLE_PREVIEWS = YES;
				GENERATE_INFOPLIST_FILE = YES;
				INFOPLIST_KEY_UIApplicationSceneManifest_Generation = YES;
				INFOPLIST_KEY_UIApplicationSupportsIndirectInputEvents = YES;
				INFOPLIST_KEY_UILaunchScreen_Generation = YES;
				INFOPLIST_KEY_UISupportedInterfaceOrientations_iPad = "UIInterfaceOrientationPortrait UIInterfaceOrientationPortraitUpsideDown UIInterfaceOrientationLandscapeLeft UIInterfaceOrientationLandscapeRight";
				INFOPLIST_KEY_UISupportedInterfaceOrientations_iPhone = "UIInterfaceOrientationPortrait UIInterfaceOrientationLandscapeLeft UIInterfaceOrientationLandscapeRight";
				LD_RUNPATH_SEARCH_PATHS = (
					"$(inherited)",
					"@executable_path/Frameworks",
				);
				MARKETING_VERSION = 1.0;
				PRODUCT_BUNDLE_IDENTIFIER = pavloMoroz.SwiftDataToDoList;
				PRODUCT_NAME = "$(TARGET_NAME)";
				SWIFT_EMIT_LOC_STRINGS = YES;
				SWIFT_VERSION = 5.0;
				TARGETED_DEVICE_FAMILY = "1,2";
			};
			name = Debug;
		};
		63E2983D2A3C993B005F6AC2 /* Release */ = {
			isa = XCBuildConfiguration;
			buildSettings = {
				ASSETCATALOG_COMPILER_APPICON_NAME = AppIcon;
				ASSETCATALOG_COMPILER_GLOBAL_ACCENT_COLOR_NAME = AccentColor;
				CODE_SIGN_STYLE = Automatic;
				CURRENT_PROJECT_VERSION = 1;
				DEVELOPMENT_ASSET_PATHS = "\"SwiftDataToDoList/Preview Content\"";
				DEVELOPMENT_TEAM = Z5K5J5HEG4;
				ENABLE_PREVIEWS = YES;
				GENERATE_INFOPLIST_FILE = YES;
				INFOPLIST_KEY_UIApplicationSceneManifest_Generation = YES;
				INFOPLIST_KEY_UIApplicationSupportsIndirectInputEvents = YES;
				INFOPLIST_KEY_UILaunchScreen_Generation = YES;
				INFOPLIST_KEY_UISupportedInterfaceOrientations_iPad = "UIInterfaceOrientationPortrait UIInterfaceOrientationPortraitUpsideDown UIInterfaceOrientationLandscapeLeft UIInterfaceOrientationLandscapeRight";
				INFOPLIST_KEY_UISupportedInterfaceOrientations_iPhone = "UIInterfaceOrientationPortrait UIInterfaceOrientationLandscapeLeft UIInterfaceOrientationLandscapeRight";
				LD_RUNPATH_SEARCH_PATHS = (
					"$(inherited)",
					"@executable_path/Frameworks",
				);
				MARKETING_VERSION = 1.0;
				PRODUCT_BUNDLE_IDENTIFIER = pavloMoroz.SwiftDataToDoList;
				PRODUCT_NAME = "$(TARGET_NAME)";
				SWIFT_EMIT_LOC_STRINGS = YES;
				SWIFT_VERSION = 5.0;
				TARGETED_DEVICE_FAMILY = "1,2";
			};
			name = Release;
		};
		63E2983F2A3C993B005F6AC2 /* Debug */ = {
			isa = XCBuildConfiguration;
			buildSettings = {
				ALWAYS_EMBED_SWIFT_STANDARD_LIBRARIES = YES;
				BUNDLE_LOADER = "$(TEST_HOST)";
				CODE_SIGN_STYLE = Automatic;
				CURRENT_PROJECT_VERSION = 1;
				DEVELOPMENT_TEAM = Z5K5J5HEG4;
				GENERATE_INFOPLIST_FILE = YES;
				IPHONEOS_DEPLOYMENT_TARGET = 17.0;
				MARKETING_VERSION = 1.0;
				PRODUCT_BUNDLE_IDENTIFIER = pavloMoroz.SwiftDataToDoListTests;
				PRODUCT_NAME = "$(TARGET_NAME)";
				SWIFT_EMIT_LOC_STRINGS = NO;
				SWIFT_VERSION = 5.0;
				TARGETED_DEVICE_FAMILY = "1,2";
				TEST_HOST = "$(BUILT_PRODUCTS_DIR)/SwiftDataToDoList.app/$(BUNDLE_EXECUTABLE_FOLDER_PATH)/SwiftDataToDoList";
			};
			name = Debug;
		};
		63E298402A3C993B005F6AC2 /* Release */ = {
			isa = XCBuildConfiguration;
			buildSettings = {
				ALWAYS_EMBED_SWIFT_STANDARD_LIBRARIES = YES;
				BUNDLE_LOADER = "$(TEST_HOST)";
				CODE_SIGN_STYLE = Automatic;
				CURRENT_PROJECT_VERSION = 1;
				DEVELOPMENT_TEAM = Z5K5J5HEG4;
				GENERATE_INFOPLIST_FILE = YES;
				IPHONEOS_DEPLOYMENT_TARGET = 17.0;
				MARKETING_VERSION = 1.0;
				PRODUCT_BUNDLE_IDENTIFIER = pavloMoroz.SwiftDataToDoListTests;
				PRODUCT_NAME = "$(TARGET_NAME)";
				SWIFT_EMIT_LOC_STRINGS = NO;
				SWIFT_VERSION = 5.0;
				TARGETED_DEVICE_FAMILY = "1,2";
				TEST_HOST = "$(BUILT_PRODUCTS_DIR)/SwiftDataToDoList.app/$(BUNDLE_EXECUTABLE_FOLDER_PATH)/SwiftDataToDoList";
			};
			name = Release;
		};
		63E298422A3C993B005F6AC2 /* Debug */ = {
			isa = XCBuildConfiguration;
			buildSettings = {
				ALWAYS_EMBED_SWIFT_STANDARD_LIBRARIES = YES;
				CODE_SIGN_STYLE = Automatic;
				CURRENT_PROJECT_VERSION = 1;
				DEVELOPMENT_TEAM = Z5K5J5HEG4;
				GENERATE_INFOPLIST_FILE = YES;
				MARKETING_VERSION = 1.0;
				PRODUCT_BUNDLE_IDENTIFIER = pavloMoroz.SwiftDataToDoListUITests;
				PRODUCT_NAME = "$(TARGET_NAME)";
				SWIFT_EMIT_LOC_STRINGS = NO;
				SWIFT_VERSION = 5.0;
				TARGETED_DEVICE_FAMILY = "1,2";
				TEST_TARGET_NAME = SwiftDataToDoList;
			};
			name = Debug;
		};
		63E298432A3C993B005F6AC2 /* Release */ = {
			isa = XCBuildConfiguration;
			buildSettings = {
				ALWAYS_EMBED_SWIFT_STANDARD_LIBRARIES = YES;
				CODE_SIGN_STYLE = Automatic;
				CURRENT_PROJECT_VERSION = 1;
				DEVELOPMENT_TEAM = Z5K5J5HEG4;
				GENERATE_INFOPLIST_FILE = YES;
				MARKETING_VERSION = 1.0;
				PRODUCT_BUNDLE_IDENTIFIER = pavloMoroz.SwiftDataToDoListUITests;
				PRODUCT_NAME = "$(TARGET_NAME)";
				SWIFT_EMIT_LOC_STRINGS = NO;
				SWIFT_VERSION = 5.0;
				TARGETED_DEVICE_FAMILY = "1,2";
				TEST_TARGET_NAME = SwiftDataToDoList;
			};
			name = Release;
		};
/* End XCBuildConfiguration section */

/* Begin XCConfigurationList section */
		63E298122A3C9939005F6AC2 /* Build configuration list for PBXProject "SwiftDataToDoList" */ = {
			isa = XCConfigurationList;
			buildConfigurations = (
				63E298392A3C993B005F6AC2 /* Debug */,
				63E2983A2A3C993B005F6AC2 /* Release */,
			);
			defaultConfigurationIsVisible = 0;
			defaultConfigurationName = Release;
		};
		63E2983B2A3C993B005F6AC2 /* Build configuration list for PBXNativeTarget "SwiftDataToDoList" */ = {
			isa = XCConfigurationList;
			buildConfigurations = (
				63E2983C2A3C993B005F6AC2 /* Debug */,
				63E2983D2A3C993B005F6AC2 /* Release */,
			);
			defaultConfigurationIsVisible = 0;
			defaultConfigurationName = Release;
		};
		63E2983E2A3C993B005F6AC2 /* Build configuration list for PBXNativeTarget "SwiftDataToDoListTests" */ = {
			isa = XCConfigurationList;
			buildConfigurations = (
				63E2983F2A3C993B005F6AC2 /* Debug */,
				63E298402A3C993B005F6AC2 /* Release */,
			);
			defaultConfigurationIsVisible = 0;
			defaultConfigurationName = Release;
		};
		63E298412A3C993B005F6AC2 /* Build configuration list for PBXNativeTarget "SwiftDataToDoListUITests" */ = {
			isa = XCConfigurationList;
			buildConfigurations = (
				63E298422A3C993B005F6AC2 /* Debug */,
				63E298432A3C993B005F6AC2 /* Release */,
			);
			defaultConfigurationIsVisible = 0;
			defaultConfigurationName = Release;
		};
/* End XCConfigurationList section */
	};
	rootObject = 63E2980F2A3C9939005F6AC2 /* Project object */;
}
